// !$*UTF8*$!
{
	archiveVersion = 1;
	classes = {
	};
	objectVersion = 55;
	objects = {

/* Begin PBXBuildFile section */
		B37566ED29029BA600D660A9 /* AppDelegate.swift in Sources */ = {isa = PBXBuildFile; fileRef = B37566EC29029BA600D660A9 /* AppDelegate.swift */; };
		B37566EF29029BA600D660A9 /* SceneDelegate.swift in Sources */ = {isa = PBXBuildFile; fileRef = B37566EE29029BA600D660A9 /* SceneDelegate.swift */; };
		B37566F129029BA600D660A9 /* ViewController.swift in Sources */ = {isa = PBXBuildFile; fileRef = B37566F029029BA600D660A9 /* ViewController.swift */; };
		B37566F429029BA600D660A9 /* Main.storyboard in Resources */ = {isa = PBXBuildFile; fileRef = B37566F229029BA600D660A9 /* Main.storyboard */; };
		B37566F629029BAA00D660A9 /* Assets.xcassets in Resources */ = {isa = PBXBuildFile; fileRef = B37566F529029BAA00D660A9 /* Assets.xcassets */; };
		B37566F929029BAA00D660A9 /* LaunchScreen.storyboard in Resources */ = {isa = PBXBuildFile; fileRef = B37566F729029BAA00D660A9 /* LaunchScreen.storyboard */; };
		B375670429029BAA00D660A9 /* LetsMeetTests.swift in Sources */ = {isa = PBXBuildFile; fileRef = B375670329029BAA00D660A9 /* LetsMeetTests.swift */; };
		B375670E29029BAA00D660A9 /* LetsMeetUITests.swift in Sources */ = {isa = PBXBuildFile; fileRef = B375670D29029BAA00D660A9 /* LetsMeetUITests.swift */; };
		B375671029029BAA00D660A9 /* LetsMeetUITestsLaunchTests.swift in Sources */ = {isa = PBXBuildFile; fileRef = B375670F29029BAA00D660A9 /* LetsMeetUITestsLaunchTests.swift */; };
/* End PBXBuildFile section */

/* Begin PBXContainerItemProxy section */
		B375670029029BAA00D660A9 /* PBXContainerItemProxy */ = {
			isa = PBXContainerItemProxy;
			containerPortal = B37566E129029BA600D660A9 /* Project object */;
			proxyType = 1;
			remoteGlobalIDString = B37566E829029BA600D660A9;
			remoteInfo = LetsMeet;
		};
		B375670A29029BAA00D660A9 /* PBXContainerItemProxy */ = {
			isa = PBXContainerItemProxy;
			containerPortal = B37566E129029BA600D660A9 /* Project object */;
			proxyType = 1;
			remoteGlobalIDString = B37566E829029BA600D660A9;
			remoteInfo = LetsMeet;
		};
/* End PBXContainerItemProxy section */

/* Begin PBXFileReference section */
		B37566E929029BA600D660A9 /* LetsMeet.app */ = {isa = PBXFileReference; explicitFileType = wrapper.application; includeInIndex = 0; path = LetsMeet.app; sourceTree = BUILT_PRODUCTS_DIR; };
		B37566EC29029BA600D660A9 /* AppDelegate.swift */ = {isa = PBXFileReference; lastKnownFileType = sourcecode.swift; path = AppDelegate.swift; sourceTree = "<group>"; };
		B37566EE29029BA600D660A9 /* SceneDelegate.swift */ = {isa = PBXFileReference; lastKnownFileType = sourcecode.swift; path = SceneDelegate.swift; sourceTree = "<group>"; };
		B37566F029029BA600D660A9 /* ViewController.swift */ = {isa = PBXFileReference; lastKnownFileType = sourcecode.swift; path = ViewController.swift; sourceTree = "<group>"; };
		B37566F329029BA600D660A9 /* Base */ = {isa = PBXFileReference; lastKnownFileType = file.storyboard; name = Base; path = Base.lproj/Main.storyboard; sourceTree = "<group>"; };
		B37566F529029BAA00D660A9 /* Assets.xcassets */ = {isa = PBXFileReference; lastKnownFileType = folder.assetcatalog; path = Assets.xcassets; sourceTree = "<group>"; };
		B37566F829029BAA00D660A9 /* Base */ = {isa = PBXFileReference; lastKnownFileType = file.storyboard; name = Base; path = Base.lproj/LaunchScreen.storyboard; sourceTree = "<group>"; };
		B37566FA29029BAA00D660A9 /* Info.plist */ = {isa = PBXFileReference; lastKnownFileType = text.plist.xml; path = Info.plist; sourceTree = "<group>"; };
		B37566FF29029BAA00D660A9 /* LetsMeetTests.xctest */ = {isa = PBXFileReference; explicitFileType = wrapper.cfbundle; includeInIndex = 0; path = LetsMeetTests.xctest; sourceTree = BUILT_PRODUCTS_DIR; };
		B375670329029BAA00D660A9 /* LetsMeetTests.swift */ = {isa = PBXFileReference; lastKnownFileType = sourcecode.swift; path = LetsMeetTests.swift; sourceTree = "<group>"; };
		B375670929029BAA00D660A9 /* LetsMeetUITests.xctest */ = {isa = PBXFileReference; explicitFileType = wrapper.cfbundle; includeInIndex = 0; path = LetsMeetUITests.xctest; sourceTree = BUILT_PRODUCTS_DIR; };
		B375670D29029BAA00D660A9 /* LetsMeetUITests.swift */ = {isa = PBXFileReference; lastKnownFileType = sourcecode.swift; path = LetsMeetUITests.swift; sourceTree = "<group>"; };
		B375670F29029BAA00D660A9 /* LetsMeetUITestsLaunchTests.swift */ = {isa = PBXFileReference; lastKnownFileType = sourcecode.swift; path = LetsMeetUITestsLaunchTests.swift; sourceTree = "<group>"; };
/* End PBXFileReference section */

/* Begin PBXFrameworksBuildPhase section */
		B37566E629029BA600D660A9 /* Frameworks */ = {
			isa = PBXFrameworksBuildPhase;
			buildActionMask = 2147483647;
			files = (
			);
			runOnlyForDeploymentPostprocessing = 0;
		};
		B37566FC29029BAA00D660A9 /* Frameworks */ = {
			isa = PBXFrameworksBuildPhase;
			buildActionMask = 2147483647;
			files = (
			);
			runOnlyForDeploymentPostprocessing = 0;
		};
		B375670629029BAA00D660A9 /* Frameworks */ = {
			isa = PBXFrameworksBuildPhase;
			buildActionMask = 2147483647;
			files = (
			);
			runOnlyForDeploymentPostprocessing = 0;
		};
/* End PBXFrameworksBuildPhase section */

/* Begin PBXGroup section */
		B37566E029029BA600D660A9 = {
			isa = PBXGroup;
			children = (
				B37566EB29029BA600D660A9 /* LetsMeet */,
				B375670229029BAA00D660A9 /* LetsMeetTests */,
				B375670C29029BAA00D660A9 /* LetsMeetUITests */,
				B37566EA29029BA600D660A9 /* Products */,
			);
			sourceTree = "<group>";
		};
		B37566EA29029BA600D660A9 /* Products */ = {
			isa = PBXGroup;
			children = (
				B37566E929029BA600D660A9 /* LetsMeet.app */,
				B37566FF29029BAA00D660A9 /* LetsMeetTests.xctest */,
				B375670929029BAA00D660A9 /* LetsMeetUITests.xctest */,
			);
			name = Products;
			sourceTree = "<group>";
		};
		B37566EB29029BA600D660A9 /* LetsMeet */ = {
			isa = PBXGroup;
			children = (
				B37566EC29029BA600D660A9 /* AppDelegate.swift */,
				B37566EE29029BA600D660A9 /* SceneDelegate.swift */,
				B37566F029029BA600D660A9 /* ViewController.swift */,
				B37566F229029BA600D660A9 /* Main.storyboard */,
				B37566F529029BAA00D660A9 /* Assets.xcassets */,
				B37566F729029BAA00D660A9 /* LaunchScreen.storyboard */,
				B37566FA29029BAA00D660A9 /* Info.plist */,
			);
			path = LetsMeet;
			sourceTree = "<group>";
		};
		B375670229029BAA00D660A9 /* LetsMeetTests */ = {
			isa = PBXGroup;
			children = (
				B375670329029BAA00D660A9 /* LetsMeetTests.swift */,
			);
			path = LetsMeetTests;
			sourceTree = "<group>";
		};
		B375670C29029BAA00D660A9 /* LetsMeetUITests */ = {
			isa = PBXGroup;
			children = (
				B375670D29029BAA00D660A9 /* LetsMeetUITests.swift */,
				B375670F29029BAA00D660A9 /* LetsMeetUITestsLaunchTests.swift */,
			);
			path = LetsMeetUITests;
			sourceTree = "<group>";
		};
/* End PBXGroup section */

/* Begin PBXNativeTarget section */
		B37566E829029BA600D660A9 /* LetsMeet */ = {
			isa = PBXNativeTarget;
			buildConfigurationList = B375671329029BAA00D660A9 /* Build configuration list for PBXNativeTarget "LetsMeet" */;
			buildPhases = (
				B37566E529029BA600D660A9 /* Sources */,
				B37566E629029BA600D660A9 /* Frameworks */,
				B37566E729029BA600D660A9 /* Resources */,
			);
			buildRules = (
			);
			dependencies = (
			);
			name = LetsMeet;
			productName = LetsMeet;
			productReference = B37566E929029BA600D660A9 /* LetsMeet.app */;
			productType = "com.apple.product-type.application";
		};
		B37566FE29029BAA00D660A9 /* LetsMeetTests */ = {
			isa = PBXNativeTarget;
			buildConfigurationList = B375671629029BAA00D660A9 /* Build configuration list for PBXNativeTarget "LetsMeetTests" */;
			buildPhases = (
				B37566FB29029BAA00D660A9 /* Sources */,
				B37566FC29029BAA00D660A9 /* Frameworks */,
				B37566FD29029BAA00D660A9 /* Resources */,
			);
			buildRules = (
			);
			dependencies = (
				B375670129029BAA00D660A9 /* PBXTargetDependency */,
			);
			name = LetsMeetTests;
			productName = LetsMeetTests;
			productReference = B37566FF29029BAA00D660A9 /* LetsMeetTests.xctest */;
			productType = "com.apple.product-type.bundle.unit-test";
		};
		B375670829029BAA00D660A9 /* LetsMeetUITests */ = {
			isa = PBXNativeTarget;
			buildConfigurationList = B375671929029BAA00D660A9 /* Build configuration list for PBXNativeTarget "LetsMeetUITests" */;
			buildPhases = (
				B375670529029BAA00D660A9 /* Sources */,
				B375670629029BAA00D660A9 /* Frameworks */,
				B375670729029BAA00D660A9 /* Resources */,
			);
			buildRules = (
			);
			dependencies = (
				B375670B29029BAA00D660A9 /* PBXTargetDependency */,
			);
			name = LetsMeetUITests;
			productName = LetsMeetUITests;
			productReference = B375670929029BAA00D660A9 /* LetsMeetUITests.xctest */;
			productType = "com.apple.product-type.bundle.ui-testing";
		};
/* End PBXNativeTarget section */

/* Begin PBXProject section */
		B37566E129029BA600D660A9 /* Project object */ = {
			isa = PBXProject;
			attributes = {
				BuildIndependentTargetsInParallel = 1;
				LastSwiftUpdateCheck = 1320;
				LastUpgradeCheck = 1320;
				TargetAttributes = {
					B37566E829029BA600D660A9 = {
						CreatedOnToolsVersion = 13.2.1;
					};
					B37566FE29029BAA00D660A9 = {
						CreatedOnToolsVersion = 13.2.1;
						TestTargetID = B37566E829029BA600D660A9;
					};
					B375670829029BAA00D660A9 = {
						CreatedOnToolsVersion = 13.2.1;
						TestTargetID = B37566E829029BA600D660A9;
					};
				};
			};
			buildConfigurationList = B37566E429029BA600D660A9 /* Build configuration list for PBXProject "LetsMeet" */;
			compatibilityVersion = "Xcode 13.0";
			developmentRegion = en;
			hasScannedForEncodings = 0;
			knownRegions = (
				en,
				Base,
			);
			mainGroup = B37566E029029BA600D660A9;
			productRefGroup = B37566EA29029BA600D660A9 /* Products */;
			projectDirPath = "";
			projectRoot = "";
			targets = (
				B37566E829029BA600D660A9 /* LetsMeet */,
				B37566FE29029BAA00D660A9 /* LetsMeetTests */,
				B375670829029BAA00D660A9 /* LetsMeetUITests */,
			);
		};
/* End PBXProject section */

/* Begin PBXResourcesBuildPhase section */
		B37566E729029BA600D660A9 /* Resources */ = {
			isa = PBXResourcesBuildPhase;
			buildActionMask = 2147483647;
			files = (
				B37566F929029BAA00D660A9 /* LaunchScreen.storyboard in Resources */,
				B37566F629029BAA00D660A9 /* Assets.xcassets in Resources */,
				B37566F429029BA600D660A9 /* Main.storyboard in Resources */,
			);
			runOnlyForDeploymentPostprocessing = 0;
		};
		B37566FD29029BAA00D660A9 /* Resources */ = {
			isa = PBXResourcesBuildPhase;
			buildActionMask = 2147483647;
			files = (
			);
			runOnlyForDeploymentPostprocessing = 0;
		};
		B375670729029BAA00D660A9 /* Resources */ = {
			isa = PBXResourcesBuildPhase;
			buildActionMask = 2147483647;
			files = (
			);
			runOnlyForDeploymentPostprocessing = 0;
		};
/* End PBXResourcesBuildPhase section */

/* Begin PBXSourcesBuildPhase section */
		B37566E529029BA600D660A9 /* Sources */ = {
			isa = PBXSourcesBuildPhase;
			buildActionMask = 2147483647;
			files = (
				B37566F129029BA600D660A9 /* ViewController.swift in Sources */,
				B37566ED29029BA600D660A9 /* AppDelegate.swift in Sources */,
				B37566EF29029BA600D660A9 /* SceneDelegate.swift in Sources */,
			);
			runOnlyForDeploymentPostprocessing = 0;
		};
		B37566FB29029BAA00D660A9 /* Sources */ = {
			isa = PBXSourcesBuildPhase;
			buildActionMask = 2147483647;
			files = (
				B375670429029BAA00D660A9 /* LetsMeetTests.swift in Sources */,
			);
			runOnlyForDeploymentPostprocessing = 0;
		};
		B375670529029BAA00D660A9 /* Sources */ = {
			isa = PBXSourcesBuildPhase;
			buildActionMask = 2147483647;
			files = (
				B375671029029BAA00D660A9 /* LetsMeetUITestsLaunchTests.swift in Sources */,
				B375670E29029BAA00D660A9 /* LetsMeetUITests.swift in Sources */,
			);
			runOnlyForDeploymentPostprocessing = 0;
		};
/* End PBXSourcesBuildPhase section */

/* Begin PBXTargetDependency section */
		B375670129029BAA00D660A9 /* PBXTargetDependency */ = {
			isa = PBXTargetDependency;
			target = B37566E829029BA600D660A9 /* LetsMeet */;
			targetProxy = B375670029029BAA00D660A9 /* PBXContainerItemProxy */;
		};
		B375670B29029BAA00D660A9 /* PBXTargetDependency */ = {
			isa = PBXTargetDependency;
			target = B37566E829029BA600D660A9 /* LetsMeet */;
			targetProxy = B375670A29029BAA00D660A9 /* PBXContainerItemProxy */;
		};
/* End PBXTargetDependency section */

/* Begin PBXVariantGroup section */
		B37566F229029BA600D660A9 /* Main.storyboard */ = {
			isa = PBXVariantGroup;
			children = (
				B37566F329029BA600D660A9 /* Base */,
			);
			name = Main.storyboard;
			sourceTree = "<group>";
		};
		B37566F729029BAA00D660A9 /* LaunchScreen.storyboard */ = {
			isa = PBXVariantGroup;
			children = (
				B37566F829029BAA00D660A9 /* Base */,
			);
			name = LaunchScreen.storyboard;
			sourceTree = "<group>";
		};
/* End PBXVariantGroup section */

/* Begin XCBuildConfiguration section */
		B375671129029BAA00D660A9 /* Debug */ = {
			isa = XCBuildConfiguration;
			buildSettings = {
				ALWAYS_SEARCH_USER_PATHS = NO;
				CLANG_ANALYZER_NONNULL = YES;
				CLANG_ANALYZER_NUMBER_OBJECT_CONVERSION = YES_AGGRESSIVE;
				CLANG_CXX_LANGUAGE_STANDARD = "gnu++17";
				CLANG_CXX_LIBRARY = "libc++";
				CLANG_ENABLE_MODULES = YES;
				CLANG_ENABLE_OBJC_ARC = YES;
				CLANG_ENABLE_OBJC_WEAK = YES;
				CLANG_WARN_BLOCK_CAPTURE_AUTORELEASING = YES;
				CLANG_WARN_BOOL_CONVERSION = YES;
				CLANG_WARN_COMMA = YES;
				CLANG_WARN_CONSTANT_CONVERSION = YES;
				CLANG_WARN_DEPRECATED_OBJC_IMPLEMENTATIONS = YES;
				CLANG_WARN_DIRECT_OBJC_ISA_USAGE = YES_ERROR;
				CLANG_WARN_DOCUMENTATION_COMMENTS = YES;
				CLANG_WARN_EMPTY_BODY = YES;
				CLANG_WARN_ENUM_CONVERSION = YES;
				CLANG_WARN_INFINITE_RECURSION = YES;
				CLANG_WARN_INT_CONVERSION = YES;
				CLANG_WARN_NON_LITERAL_NULL_CONVERSION = YES;
				CLANG_WARN_OBJC_IMPLICIT_RETAIN_SELF = YES;
				CLANG_WARN_OBJC_LITERAL_CONVERSION = YES;
				CLANG_WARN_OBJC_ROOT_CLASS = YES_ERROR;
				CLANG_WARN_QUOTED_INCLUDE_IN_FRAMEWORK_HEADER = YES;
				CLANG_WARN_RANGE_LOOP_ANALYSIS = YES;
				CLANG_WARN_STRICT_PROTOTYPES = YES;
				CLANG_WARN_SUSPICIOUS_MOVE = YES;
				CLANG_WARN_UNGUARDED_AVAILABILITY = YES_AGGRESSIVE;
				CLANG_WARN_UNREACHABLE_CODE = YES;
				CLANG_WARN__DUPLICATE_METHOD_MATCH = YES;
				COPY_PHASE_STRIP = NO;
				DEBUG_INFORMATION_FORMAT = dwarf;
				ENABLE_STRICT_OBJC_MSGSEND = YES;
				ENABLE_TESTABILITY = YES;
				GCC_C_LANGUAGE_STANDARD = gnu11;
				GCC_DYNAMIC_NO_PIC = NO;
				GCC_NO_COMMON_BLOCKS = YES;
				GCC_OPTIMIZATION_LEVEL = 0;
				GCC_PREPROCESSOR_DEFINITIONS = (
					"DEBUG=1",
					"$(inherited)",
				);
				GCC_WARN_64_TO_32_BIT_CONVERSION = YES;
				GCC_WARN_ABOUT_RETURN_TYPE = YES_ERROR;
				GCC_WARN_UNDECLARED_SELECTOR = YES;
				GCC_WARN_UNINITIALIZED_AUTOS = YES_AGGRESSIVE;
				GCC_WARN_UNUSED_FUNCTION = YES;
				GCC_WARN_UNUSED_VARIABLE = YES;
				IPHONEOS_DEPLOYMENT_TARGET = 15.2;
				MTL_ENABLE_DEBUG_INFO = INCLUDE_SOURCE;
				MTL_FAST_MATH = YES;
				ONLY_ACTIVE_ARCH = YES;
				SDKROOT = iphoneos;
				SWIFT_ACTIVE_COMPILATION_CONDITIONS = DEBUG;
				SWIFT_OPTIMIZATION_LEVEL = "-Onone";
			};
			name = Debug;
		};
		B375671229029BAA00D660A9 /* Release */ = {
			isa = XCBuildConfiguration;
			buildSettings = {
				ALWAYS_SEARCH_USER_PATHS = NO;
				CLANG_ANALYZER_NONNULL = YES;
				CLANG_ANALYZER_NUMBER_OBJECT_CONVERSION = YES_AGGRESSIVE;
				CLANG_CXX_LANGUAGE_STANDARD = "gnu++17";
				CLANG_CXX_LIBRARY = "libc++";
				CLANG_ENABLE_MODULES = YES;
				CLANG_ENABLE_OBJC_ARC = YES;
				CLANG_ENABLE_OBJC_WEAK = YES;
				CLANG_WARN_BLOCK_CAPTURE_AUTORELEASING = YES;
				CLANG_WARN_BOOL_CONVERSION = YES;
				CLANG_WARN_COMMA = YES;
				CLANG_WARN_CONSTANT_CONVERSION = YES;
				CLANG_WARN_DEPRECATED_OBJC_IMPLEMENTATIONS = YES;
				CLANG_WARN_DIRECT_OBJC_ISA_USAGE = YES_ERROR;
				CLANG_WARN_DOCUMENTATION_COMMENTS = YES;
				CLANG_WARN_EMPTY_BODY = YES;
				CLANG_WARN_ENUM_CONVERSION = YES;
				CLANG_WARN_INFINITE_RECURSION = YES;
				CLANG_WARN_INT_CONVERSION = YES;
				CLANG_WARN_NON_LITERAL_NULL_CONVERSION = YES;
				CLANG_WARN_OBJC_IMPLICIT_RETAIN_SELF = YES;
				CLANG_WARN_OBJC_LITERAL_CONVERSION = YES;
				CLANG_WARN_OBJC_ROOT_CLASS = YES_ERROR;
				CLANG_WARN_QUOTED_INCLUDE_IN_FRAMEWORK_HEADER = YES;
				CLANG_WARN_RANGE_LOOP_ANALYSIS = YES;
				CLANG_WARN_STRICT_PROTOTYPES = YES;
				CLANG_WARN_SUSPICIOUS_MOVE = YES;
				CLANG_WARN_UNGUARDED_AVAILABILITY = YES_AGGRESSIVE;
				CLANG_WARN_UNREACHABLE_CODE = YES;
				CLANG_WARN__DUPLICATE_METHOD_MATCH = YES;
				COPY_PHASE_STRIP = NO;
				DEBUG_INFORMATION_FORMAT = "dwarf-with-dsym";
				ENABLE_NS_ASSERTIONS = NO;
				ENABLE_STRICT_OBJC_MSGSEND = YES;
				GCC_C_LANGUAGE_STANDARD = gnu11;
				GCC_NO_COMMON_BLOCKS = YES;
				GCC_WARN_64_TO_32_BIT_CONVERSION = YES;
				GCC_WARN_ABOUT_RETURN_TYPE = YES_ERROR;
				GCC_WARN_UNDECLARED_SELECTOR = YES;
				GCC_WARN_UNINITIALIZED_AUTOS = YES_AGGRESSIVE;
				GCC_WARN_UNUSED_FUNCTION = YES;
				GCC_WARN_UNUSED_VARIABLE = YES;
				IPHONEOS_DEPLOYMENT_TARGET = 15.2;
				MTL_ENABLE_DEBUG_INFO = NO;
				MTL_FAST_MATH = YES;
				SDKROOT = iphoneos;
				SWIFT_COMPILATION_MODE = wholemodule;
				SWIFT_OPTIMIZATION_LEVEL = "-O";
				VALIDATE_PRODUCT = YES;
			};
			name = Release;
		};
		B375671429029BAA00D660A9 /* Debug */ = {
			isa = XCBuildConfiguration;
			buildSettings = {
				ASSETCATALOG_COMPILER_APPICON_NAME = AppIcon;
				ASSETCATALOG_COMPILER_GLOBAL_ACCENT_COLOR_NAME = AccentColor;
				CODE_SIGN_STYLE = Automatic;
				CURRENT_PROJECT_VERSION = 1;
				GENERATE_INFOPLIST_FILE = YES;
				INFOPLIST_FILE = LetsMeet/Info.plist;
				INFOPLIST_KEY_UIApplicationSupportsIndirectInputEvents = YES;
				INFOPLIST_KEY_UILaunchStoryboardName = LaunchScreen;
				INFOPLIST_KEY_UIMainStoryboardFile = Main;
				INFOPLIST_KEY_UISupportedInterfaceOrientations_iPad = "UIInterfaceOrientationPortrait UIInterfaceOrientationPortraitUpsideDown UIInterfaceOrientationLandscapeLeft UIInterfaceOrientationLandscapeRight";
				INFOPLIST_KEY_UISupportedInterfaceOrientations_iPhone = "UIInterfaceOrientationPortrait UIInterfaceOrientationLandscapeLeft UIInterfaceOrientationLandscapeRight";
				LD_RUNPATH_SEARCH_PATHS = (
					"$(inherited)",
					"@executable_path/Frameworks",
				);
				MARKETING_VERSION = 1.0;
				PRODUCT_BUNDLE_IDENTIFIER = makemycoolApp.LetsMeet;
				PRODUCT_NAME = "$(TARGET_NAME)";
				SWIFT_EMIT_LOC_STRINGS = YES;
				SWIFT_VERSION = 5.0;
				TARGETED_DEVICE_FAMILY = "1,2";
			};
			name = Debug;
		};
		B375671529029BAA00D660A9 /* Release */ = {
			isa = XCBuildConfiguration;
			buildSettings = {
				ASSETCATALOG_COMPILER_APPICON_NAME = AppIcon;
				ASSETCATALOG_COMPILER_GLOBAL_ACCENT_COLOR_NAME = AccentColor;
				CODE_SIGN_STYLE = Automatic;
				CURRENT_PROJECT_VERSION = 1;
				GENERATE_INFOPLIST_FILE = YES;
				INFOPLIST_FILE = LetsMeet/Info.plist;
				INFOPLIST_KEY_UIApplicationSupportsIndirectInputEvents = YES;
				INFOPLIST_KEY_UILaunchStoryboardName = LaunchScreen;
				INFOPLIST_KEY_UIMainStoryboardFile = Main;
				INFOPLIST_KEY_UISupportedInterfaceOrientations_iPad = "UIInterfaceOrientationPortrait UIInterfaceOrientationPortraitUpsideDown UIInterfaceOrientationLandscapeLeft UIInterfaceOrientationLandscapeRight";
				INFOPLIST_KEY_UISupportedInterfaceOrientations_iPhone = "UIInterfaceOrientationPortrait UIInterfaceOrientationLandscapeLeft UIInterfaceOrientationLandscapeRight";
				LD_RUNPATH_SEARCH_PATHS = (
					"$(inherited)",
					"@executable_path/Frameworks",
				);
				MARKETING_VERSION = 1.0;
				PRODUCT_BUNDLE_IDENTIFIER = makemycoolApp.LetsMeet;
				PRODUCT_NAME = "$(TARGET_NAME)";
				SWIFT_EMIT_LOC_STRINGS = YES;
				SWIFT_VERSION = 5.0;
				TARGETED_DEVICE_FAMILY = "1,2";
			};
			name = Release;
		};
		B375671729029BAA00D660A9 /* Debug */ = {
			isa = XCBuildConfiguration;
			buildSettings = {
				ALWAYS_EMBED_SWIFT_STANDARD_LIBRARIES = YES;
				BUNDLE_LOADER = "$(TEST_HOST)";
				CODE_SIGN_STYLE = Automatic;
				CURRENT_PROJECT_VERSION = 1;
				GENERATE_INFOPLIST_FILE = YES;
				IPHONEOS_DEPLOYMENT_TARGET = 15.2;
				MARKETING_VERSION = 1.0;
				PRODUCT_BUNDLE_IDENTIFIER = makemycoolApp.LetsMeetTests;
				PRODUCT_NAME = "$(TARGET_NAME)";
				SWIFT_EMIT_LOC_STRINGS = NO;
				SWIFT_VERSION = 5.0;
				TARGETED_DEVICE_FAMILY = "1,2";
				TEST_HOST = "$(BUILT_PRODUCTS_DIR)/LetsMeet.app/LetsMeet";
			};
			name = Debug;
		};
		B375671829029BAA00D660A9 /* Release */ = {
			isa = XCBuildConfiguration;
			buildSettings = {
				ALWAYS_EMBED_SWIFT_STANDARD_LIBRARIES = YES;
				BUNDLE_LOADER = "$(TEST_HOST)";
				CODE_SIGN_STYLE = Automatic;
				CURRENT_PROJECT_VERSION = 1;
				GENERATE_INFOPLIST_FILE = YES;
				IPHONEOS_DEPLOYMENT_TARGET = 15.2;
				MARKETING_VERSION = 1.0;
				PRODUCT_BUNDLE_IDENTIFIER = makemycoolApp.LetsMeetTests;
				PRODUCT_NAME = "$(TARGET_NAME)";
				SWIFT_EMIT_LOC_STRINGS = NO;
				SWIFT_VERSION = 5.0;
				TARGETED_DEVICE_FAMILY = "1,2";
				TEST_HOST = "$(BUILT_PRODUCTS_DIR)/LetsMeet.app/LetsMeet";
			};
			name = Release;
		};
		B375671A29029BAA00D660A9 /* Debug */ = {
			isa = XCBuildConfiguration;
			buildSettings = {
				ALWAYS_EMBED_SWIFT_STANDARD_LIBRARIES = YES;
				CODE_SIGN_STYLE = Automatic;
				CURRENT_PROJECT_VERSION = 1;
				GENERATE_INFOPLIST_FILE = YES;
				MARKETING_VERSION = 1.0;
				PRODUCT_BUNDLE_IDENTIFIER = makemycoolApp.LetsMeetUITests;
				PRODUCT_NAME = "$(TARGET_NAME)";
				SWIFT_EMIT_LOC_STRINGS = NO;
				SWIFT_VERSION = 5.0;
				TARGETED_DEVICE_FAMILY = "1,2";
				TEST_TARGET_NAME = LetsMeet;
			};
			name = Debug;
		};
		B375671B29029BAA00D660A9 /* Release */ = {
			isa = XCBuildConfiguration;
			buildSettings = {
				ALWAYS_EMBED_SWIFT_STANDARD_LIBRARIES = YES;
				CODE_SIGN_STYLE = Automatic;
				CURRENT_PROJECT_VERSION = 1;
				GENERATE_INFOPLIST_FILE = YES;
				MARKETING_VERSION = 1.0;
				PRODUCT_BUNDLE_IDENTIFIER = makemycoolApp.LetsMeetUITests;
				PRODUCT_NAME = "$(TARGET_NAME)";
				SWIFT_EMIT_LOC_STRINGS = NO;
				SWIFT_VERSION = 5.0;
				TARGETED_DEVICE_FAMILY = "1,2";
				TEST_TARGET_NAME = LetsMeet;
			};
			name = Release;
		};
/* End XCBuildConfiguration section */

/* Begin XCConfigurationList section */
		B37566E429029BA600D660A9 /* Build configuration list for PBXProject "LetsMeet" */ = {
			isa = XCConfigurationList;
			buildConfigurations = (
				B375671129029BAA00D660A9 /* Debug */,
				B375671229029BAA00D660A9 /* Release */,
			);
			defaultConfigurationIsVisible = 0;
			defaultConfigurationName = Release;
		};
		B375671329029BAA00D660A9 /* Build configuration list for PBXNativeTarget "LetsMeet" */ = {
			isa = XCConfigurationList;
			buildConfigurations = (
				B375671429029BAA00D660A9 /* Debug */,
				B375671529029BAA00D660A9 /* Release */,
			);
			defaultConfigurationIsVisible = 0;
			defaultConfigurationName = Release;
		};
		B375671629029BAA00D660A9 /* Build configuration list for PBXNativeTarget "LetsMeetTests" */ = {
			isa = XCConfigurationList;
			buildConfigurations = (
				B375671729029BAA00D660A9 /* Debug */,
				B375671829029BAA00D660A9 /* Release */,
			);
			defaultConfigurationIsVisible = 0;
			defaultConfigurationName = Release;
		};
		B375671929029BAA00D660A9 /* Build configuration list for PBXNativeTarget "LetsMeetUITests" */ = {
			isa = XCConfigurationList;
			buildConfigurations = (
				B375671A29029BAA00D660A9 /* Debug */,
				B375671B29029BAA00D660A9 /* Release */,
			);
			defaultConfigurationIsVisible = 0;
			defaultConfigurationName = Release;
		};
/* End XCConfigurationList section */
	};
	rootObject = B37566E129029BA600D660A9 /* Project object */;
}
